{
  "lockfile_version": "1",
  "packages": {
    "aws-cdk-cli@latest": {
      "last_modified": "2025-12-31T03:27:36Z",
      "resolved": "github:NixOS/nixpkgs/f665af0cdb70ed27e1bd8f9fdfecaf451260fc55#aws-cdk-cli",
      "source": "devbox-search",
      "version": "2.1100.1",
      "systems": {
        "aarch64-darwin": {
          "outputs": [
            {
              "name": "out",
              "path": "/nix/store/nsvzxasam5i0p34mg5i55d9rabpd83i0-aws-cdk-cli-2.1100.1",
              "default": true
            }
          ],
          "store_path": "/nix/store/nsvzxasam5i0p34mg5i55d9rabpd83i0-aws-cdk-cli-2.1100.1"
        },
        "aarch64-linux": {
          "outputs": [
            {
              "name": "out",
              "path": "/nix/store/fvap3fjqrfy5x80k98vagdialk1pg26p-aws-cdk-cli-2.1100.1",
              "default": true
            }
          ],
          "store_path": "/nix/store/fvap3fjqrfy5x80k98vagdialk1pg26p-aws-cdk-cli-2.1100.1"
        },
        "x86_64-darwin": {
          "outputs": [
            {
              "name": "out",
              "path": "/nix/store/21f52zkf0vdckabnwarvapp7jkwmsxqi-aws-cdk-cli-2.1100.1",
              "default": true
            }
          ],
          "store_path": "/nix/store/21f52zkf0vdckabnwarvapp7jkwmsxqi-aws-cdk-cli-2.1100.1"
        },
        "x86_64-linux": {
          "outputs": [
            {
              "name": "out",
              "path": "/nix/store/qh85h4l8jfxfbrik9cbqcwaq3797l8ml-aws-cdk-cli-2.1100.1",
              "default": true
            }
          ],
          "store_path": "/nix/store/qh85h4l8jfxfbrik9cbqcwaq3797l8ml-aws-cdk-cli-2.1100.1"
        }
      }
    },
    "awscli2@latest": {
      "last_modified": "2026-01-20T02:11:35Z",
      "resolved": "github:NixOS/nixpkgs/ed142ab1b3a092c4d149245d0c4126a5d7ea00b0#awscli2",
      "source": "devbox-search",
      "version": "2.33.2",
      "systems": {
        "aarch64-darwin": {
          "outputs": [
            {
              "name": "out",
              "path": "/nix/store/r2yk7zc2xifqnm9896w3x9prl7qn0bap-awscli2-2.33.2",
              "default": true
            },
            {
              "name": "dist",
              "path": "/nix/store/08j6bp7zicqyfkyix1q2f0j6aj21qbdr-awscli2-2.33.2-dist"
            }
          ],
          "store_path": "/nix/store/r2yk7zc2xifqnm9896w3x9prl7qn0bap-awscli2-2.33.2"
        },
        "aarch64-linux": {
          "outputs": [
            {
              "name": "out",
              "path": "/nix/store/6a6n6hsm4fnbry8gicm9s5hxb3b0rfa7-awscli2-2.33.2",
              "default": true
            },
            {
              "name": "dist",
              "path": "/nix/store/43qf8hil6j5knhr3502ivz8vip4j4jwp-awscli2-2.33.2-dist"
            }
          ],
          "store_path": "/nix/store/6a6n6hsm4fnbry8gicm9s5hxb3b0rfa7-awscli2-2.33.2"
        },
        "x86_64-darwin": {
          "outputs": [
            {
              "name": "out",
              "path": "/nix/store/l825ps8nrli237ihhhw5m9jnlnd5gks6-awscli2-2.33.2",
              "default": true
            },
            {
              "name": "dist",
              "path": "/nix/store/j0da5brcy1ixadd728q8nyrimj3mpizz-awscli2-2.33.2-dist"
            }
          ],
          "store_path": "/nix/store/l825ps8nrli237ihhhw5m9jnlnd5gks6-awscli2-2.33.2"
        },
        "x86_64-linux": {
          "outputs": [
            {
              "name": "out",
              "path": "/nix/store/479n9idsddpjd983xfx1bfblyqvq9myc-awscli2-2.33.2",
              "default": true
            },
            {
              "name": "dist",
              "path": "/nix/store/7qxkqd429bwhbd9m7jqkp760xli47msd-awscli2-2.33.2-dist"
            }
          ],
          "store_path": "/nix/store/479n9idsddpjd983xfx1bfblyqvq9myc-awscli2-2.33.2"
        }
      }
    },
    "github:NixOS/nixpkgs/nixpkgs-unstable": {
      "last_modified": "2026-01-20T02:11:35Z",
      "resolved": "github:NixOS/nixpkgs/ed142ab1b3a092c4d149245d0c4126a5d7ea00b0?lastModified=1768875095"
    },
    "quarkus@latest": {
      "last_modified": "2025-12-31T03:27:36Z",
      "resolved": "github:NixOS/nixpkgs/f665af0cdb70ed27e1bd8f9fdfecaf451260fc55#quarkus",
      "source": "devbox-search",
      "version": "3.30.5",
      "systems": {
        "aarch64-darwin": {
          "outputs": [
            {
              "name": "out",
              "path": "/nix/store/f6qbyzrlbirmy777d586qv89www5vlmy-quarkus-cli-3.30.5",
              "default": true
            }
          ],
          "store_path": "/nix/store/f6qbyzrlbirmy777d586qv89www5vlmy-quarkus-cli-3.30.5"
        },
        "aarch64-linux": {
          "outputs": [
            {
              "name": "out",
              "path": "/nix/store/5y1fzs9b9f7fazjg89ifc9glmgzwvhks-quarkus-cli-3.30.5",
              "default": true
            }
          ],
          "store_path": "/nix/store/5y1fzs9b9f7fazjg89ifc9glmgzwvhks-quarkus-cli-3.30.5"
        },
        "x86_64-darwin": {
          "outputs": [
            {
              "name": "out",
              "path": "/nix/store/g0g4x8gn1xlblh8h0x718x122dapzzzx-quarkus-cli-3.30.5",
              "default": true
            }
          ],
          "store_path": "/nix/store/g0g4x8gn1xlblh8h0x718x122dapzzzx-quarkus-cli-3.30.5"
        },
        "x86_64-linux": {
          "outputs": [
            {
              "name": "out",
              "path": "/nix/store/rfsjjny48yaxhrliv6jxrq662m1zfs21-quarkus-cli-3.30.5",
              "default": true
            }
          ],
          "store_path": "/nix/store/rfsjjny48yaxhrliv6jxrq662m1zfs21-quarkus-cli-3.30.5"
        }
      }
    }
  }
}
